
Microsoft Visual Studio Solution File, Format Version 12.00
# Visual Studio Version 16
VisualStudioVersion = 16.0.35826.135
MinimumVisualStudioVersion = 10.0.40219.1
Project("{FAE04EC0-301F-11D3-BF4B-00C04F79EFBC}") = "Notes", "Notes.csproj", "{B69262DB-6CED-427C-9170-E4D7383BE937}"
EndProject
Global
	GlobalSection(SolutionConfigurationPlatforms) = preSolution
		Debug|Any CPU = Debug|Any CPU
		Release|Any CPU = Release|Any CPU
	EndGlobalSection
	GlobalSection(ProjectConfigurationPlatforms) = postSolution
		{B69262DB-6CED-427C-9170-E4D7383BE937}.Debug|Any CPU.ActiveCfg = Debug|Any CPU
		{B69262DB-6CED-427C-9170-E4D7383BE937}.Debug|Any CPU.Build.0 = Debug|Any CPU
		{B69262DB-6CED-427C-9170-E4D7383BE937}.Release|Any CPU.ActiveCfg = Release|Any CPU
		{B69262DB-6CED-427C-9170-E4D7383BE937}.Release|Any CPU.Build.0 = Release|Any CPU
	EndGlobalSection
	GlobalSection(SolutionProperties) = preSolution
		HideSolutionNode = FALSE
	EndGlobalSection
	GlobalSection(ExtensibilityGlobals) = postSolution
		SolutionGuid = {8CD0E4BB-C5BD-4BD7-8898-4D1AC89BC2B1}
	EndGlobalSection
EndGlobal
